
Microsoft Visual Studio Solution File, Format Version 12.00
# Visual Studio 15
VisualStudioVersion = 15.0.27004.2005
MinimumVisualStudioVersion = 10.0.40219.1
Project("{FAE04EC0-301F-11D3-BF4B-00C04F79EFBC}") = "HelloWorld", "HelloWorld\HelloWorld.csproj", "{CD5CD171-3430-4636-8161-60315617EDCC}"
EndProject
Global
	GlobalSection(SolutionConfigurationPlatforms) = preSolution
		Debug|Any CPU = Debug|Any CPU
		Release|Any CPU = Release|Any CPU
	EndGlobalSection
	GlobalSection(ProjectConfigurationPlatforms) = postSolution
		{CD5CD171-3430-4636-8161-60315617EDCC}.Debug|Any CPU.ActiveCfg = Debug|Any CPU
		{CD5CD171-3430-4636-8161-60315617EDCC}.Debug|Any CPU.Build.0 = Debug|Any CPU
		{CD5CD171-3430-4636-8161-60315617EDCC}.Release|Any CPU.ActiveCfg = Release|Any CPU
		{CD5CD171-3430-4636-8161-60315617EDCC}.Release|Any CPU.Build.0 = Release|Any CPU
	EndGlobalSection
	GlobalSection(SolutionProperties) = preSolution
		HideSolutionNode = FALSE
	EndGlobalSection
	GlobalSection(ExtensibilityGlobals) = postSolution
		SolutionGuid = {65B2850B-27C2-435B-9D78-26134D8EF0F8}
	EndGlobalSection
EndGlobal
